
Microsoft Visual Studio Solution File, Format Version 12.00
# Visual Studio 15
VisualStudioVersion = 15.0.27703.2035
MinimumVisualStudioVersion = 10.0.40219.1
Project("{FAE04EC0-301F-11D3-BF4B-00C04F79EFBC}") = "MegaDeskWeb", "MegaDeskWeb\MegaDeskWeb.csproj", "{807B99DA-ACE5-4639-A7A7-18C91BAD99AA}"
EndProject
Global
	GlobalSection(SolutionConfigurationPlatforms) = preSolution
		Debug|Any CPU = Debug|Any CPU
		Release|Any CPU = Release|Any CPU
	EndGlobalSection
	GlobalSection(ProjectConfigurationPlatforms) = postSolution
		{807B99DA-ACE5-4639-A7A7-18C91BAD99AA}.Debug|Any CPU.ActiveCfg = Debug|Any CPU
		{807B99DA-ACE5-4639-A7A7-18C91BAD99AA}.Debug|Any CPU.Build.0 = Debug|Any CPU
		{807B99DA-ACE5-4639-A7A7-18C91BAD99AA}.Release|Any CPU.ActiveCfg = Release|Any CPU
		{807B99DA-ACE5-4639-A7A7-18C91BAD99AA}.Release|Any CPU.Build.0 = Release|Any CPU
	EndGlobalSection
	GlobalSection(SolutionProperties) = preSolution
		HideSolutionNode = FALSE
	EndGlobalSection
	GlobalSection(ExtensibilityGlobals) = postSolution
		SolutionGuid = {F5CD1E8C-B6C7-4664-9286-1C2DCBFB6313}
	EndGlobalSection
EndGlobal
